
Microsoft Visual Studio Solution File, Format Version 12.00
# Visual Studio 15
VisualStudioVersion = 15.0.28307.106
MinimumVisualStudioVersion = 10.0.40219.1
Project("{FAE04EC0-301F-11D3-BF4B-00C04F79EFBC}") = "SQLTester", "SQLTester\SQLTester.csproj", "{EAC2857D-36BF-4D9F-9E9A-5BCEC58EE96F}"
EndProject
Global
	GlobalSection(SolutionConfigurationPlatforms) = preSolution
		Debug|Any CPU = Debug|Any CPU
		Release|Any CPU = Release|Any CPU
	EndGlobalSection
	GlobalSection(ProjectConfigurationPlatforms) = postSolution
		{EAC2857D-36BF-4D9F-9E9A-5BCEC58EE96F}.Debug|Any CPU.ActiveCfg = Debug|Any CPU
		{EAC2857D-36BF-4D9F-9E9A-5BCEC58EE96F}.Debug|Any CPU.Build.0 = Debug|Any CPU
		{EAC2857D-36BF-4D9F-9E9A-5BCEC58EE96F}.Release|Any CPU.ActiveCfg = Release|Any CPU
		{EAC2857D-36BF-4D9F-9E9A-5BCEC58EE96F}.Release|Any CPU.Build.0 = Release|Any CPU
	EndGlobalSection
	GlobalSection(SolutionProperties) = preSolution
		HideSolutionNode = FALSE
	EndGlobalSection
	GlobalSection(ExtensibilityGlobals) = postSolution
		SolutionGuid = {3CE36109-0AF6-49D4-989C-858351D0353F}
	EndGlobalSection
EndGlobal
